
Microsoft Visual Studio Solution File, Format Version 12.00
# Visual Studio 2012
Project("{FAE04EC0-301F-11D3-BF4B-00C04F79EFBC}") = "ATMobile", "ATMobile.csproj", "{48109BFE-7660-4ACC-92DB-19EB06701748}"
EndProject
Project("{FAE04EC0-301F-11D3-BF4B-00C04F79EFBC}") = "ATMobile.iOS", "iOS\ATMobile.iOS.csproj", "{7621F20D-991F-439E-9621-0EB474FACF9D}"
EndProject
Project("{FAE04EC0-301F-11D3-BF4B-00C04F79EFBC}") = "ATMobile.Droid", "Droid\ATMobile.Droid.csproj", "{4A8A0B17-2CB8-4640-9F39-22C680BFEA0E}"
EndProject
Global
	GlobalSection(SolutionConfigurationPlatforms) = preSolution
		Debug|Any CPU = Debug|Any CPU
		Release|Any CPU = Release|Any CPU
		Debug|iPhoneSimulator = Debug|iPhoneSimulator
		Release|iPhone = Release|iPhone
		Release|iPhoneSimulator = Release|iPhoneSimulator
		Debug|iPhone = Debug|iPhone
	EndGlobalSection
	GlobalSection(ProjectConfigurationPlatforms) = postSolution
		{48109BFE-7660-4ACC-92DB-19EB06701748}.Debug|Any CPU.ActiveCfg = Debug|Any CPU
		{48109BFE-7660-4ACC-92DB-19EB06701748}.Debug|Any CPU.Build.0 = Debug|Any CPU
		{48109BFE-7660-4ACC-92DB-19EB06701748}.Debug|iPhone.ActiveCfg = Debug|Any CPU
		{48109BFE-7660-4ACC-92DB-19EB06701748}.Debug|iPhone.Build.0 = Debug|Any CPU
		{48109BFE-7660-4ACC-92DB-19EB06701748}.Debug|iPhoneSimulator.ActiveCfg = Debug|Any CPU
		{48109BFE-7660-4ACC-92DB-19EB06701748}.Debug|iPhoneSimulator.Build.0 = Debug|Any CPU
		{48109BFE-7660-4ACC-92DB-19EB06701748}.Release|Any CPU.ActiveCfg = Release|Any CPU
		{48109BFE-7660-4ACC-92DB-19EB06701748}.Release|Any CPU.Build.0 = Release|Any CPU
		{48109BFE-7660-4ACC-92DB-19EB06701748}.Release|iPhone.ActiveCfg = Release|Any CPU
		{48109BFE-7660-4ACC-92DB-19EB06701748}.Release|iPhone.Build.0 = Release|Any CPU
		{48109BFE-7660-4ACC-92DB-19EB06701748}.Release|iPhoneSimulator.ActiveCfg = Release|Any CPU
		{48109BFE-7660-4ACC-92DB-19EB06701748}.Release|iPhoneSimulator.Build.0 = Release|Any CPU
		{4A8A0B17-2CB8-4640-9F39-22C680BFEA0E}.Debug|Any CPU.ActiveCfg = Debug|Any CPU
		{4A8A0B17-2CB8-4640-9F39-22C680BFEA0E}.Debug|iPhone.ActiveCfg = Debug|Any CPU
		{4A8A0B17-2CB8-4640-9F39-22C680BFEA0E}.Debug|iPhone.Build.0 = Debug|Any CPU
		{4A8A0B17-2CB8-4640-9F39-22C680BFEA0E}.Debug|iPhoneSimulator.ActiveCfg = Debug|Any CPU
		{4A8A0B17-2CB8-4640-9F39-22C680BFEA0E}.Debug|iPhoneSimulator.Build.0 = Debug|Any CPU
		{4A8A0B17-2CB8-4640-9F39-22C680BFEA0E}.Release|Any CPU.ActiveCfg = Release|Any CPU
		{4A8A0B17-2CB8-4640-9F39-22C680BFEA0E}.Release|Any CPU.Build.0 = Release|Any CPU
		{4A8A0B17-2CB8-4640-9F39-22C680BFEA0E}.Release|iPhone.ActiveCfg = Release|Any CPU
		{4A8A0B17-2CB8-4640-9F39-22C680BFEA0E}.Release|iPhone.Build.0 = Release|Any CPU
		{4A8A0B17-2CB8-4640-9F39-22C680BFEA0E}.Release|iPhoneSimulator.ActiveCfg = Release|Any CPU
		{4A8A0B17-2CB8-4640-9F39-22C680BFEA0E}.Release|iPhoneSimulator.Build.0 = Release|Any CPU
		{7621F20D-991F-439E-9621-0EB474FACF9D}.Debug|Any CPU.ActiveCfg = Debug|iPhoneSimulator
		{7621F20D-991F-439E-9621-0EB474FACF9D}.Debug|Any CPU.Build.0 = Debug|iPhoneSimulator
		{7621F20D-991F-439E-9621-0EB474FACF9D}.Debug|iPhone.ActiveCfg = Debug|iPhone
		{7621F20D-991F-439E-9621-0EB474FACF9D}.Debug|iPhone.Build.0 = Debug|iPhone
		{7621F20D-991F-439E-9621-0EB474FACF9D}.Debug|iPhoneSimulator.ActiveCfg = Debug|iPhoneSimulator
		{7621F20D-991F-439E-9621-0EB474FACF9D}.Debug|iPhoneSimulator.Build.0 = Debug|iPhoneSimulator
		{7621F20D-991F-439E-9621-0EB474FACF9D}.Release|Any CPU.ActiveCfg = Release|iPhone
		{7621F20D-991F-439E-9621-0EB474FACF9D}.Release|Any CPU.Build.0 = Release|iPhone
		{7621F20D-991F-439E-9621-0EB474FACF9D}.Release|iPhone.ActiveCfg = Release|iPhone
		{7621F20D-991F-439E-9621-0EB474FACF9D}.Release|iPhone.Build.0 = Release|iPhone
		{7621F20D-991F-439E-9621-0EB474FACF9D}.Release|iPhoneSimulator.ActiveCfg = Release|iPhoneSimulator
		{7621F20D-991F-439E-9621-0EB474FACF9D}.Release|iPhoneSimulator.Build.0 = Release|iPhoneSimulator
	EndGlobalSection
	GlobalSection(MonoDevelopProperties) = preSolution
		Policies = $0
		$0.TextStylePolicy = $1
		$1.inheritsSet = null
		$1.scope = text/x-csharp
		$0.CSharpFormattingPolicy = $2
		$2.AnonymousMethodBraceStyle = NextLine
		$2.PropertyBraceStyle = NextLine
		$2.PropertyGetBraceStyle = NextLine
		$2.PropertySetBraceStyle = NextLine
		$2.EventAddBraceStyle = NextLine
		$2.EventRemoveBraceStyle = NextLine
		$2.StatementBraceStyle = NextLine
		$2.BeforeMethodDeclarationParentheses = False
		$2.BeforeMethodCallParentheses = False
		$2.BeforeConstructorDeclarationParentheses = False
		$2.BeforeIndexerDeclarationBracket = False
		$2.BeforeDelegateDeclarationParentheses = False
		$2.AfterDelegateDeclarationParameterComma = True
		$2.NewParentheses = False
		$2.SpacesBeforeBrackets = False
		$2.inheritsSet = Mono
		$2.inheritsScope = text/x-csharp
		$2.scope = text/x-csharp
		$0.DotNetNamingPolicy = $3
		$3.DirectoryNamespaceAssociation = None
		$3.ResourceNamePolicy = FileFormatDefault
		$0.XmlFormattingPolicy = $4
		$4.inheritsSet = null
		$4.scope = application/xaml+xml
		$0.TextStylePolicy = $5
		$5.FileWidth = 120
		$5.inheritsSet = VisualStudio
		$5.inheritsScope = text/plain
		$5.scope = text/plain
		$0.TextStylePolicy = $6
		$6.inheritsSet = null
		$6.scope = application/xml
		$0.XmlFormattingPolicy = $7
		$7.inheritsSet = Mono
		$7.inheritsScope = application/xml
		$7.scope = application/xml
		$0.TextStylePolicy = $8
		$8.inheritsSet = null
		$8.scope = application/config+xml
		$0.XmlFormattingPolicy = $9
		$9.inheritsSet = null
		$9.scope = application/config+xml
		$0.TextStylePolicy = $10
		$10.inheritsSet = null
		$10.scope = application/json
		$0.TextStylePolicy = $11
		$11.inheritsSet = null
		$11.scope = application/vnd.apple-interface-builder
		$0.XmlFormattingPolicy = $12
		$12.inheritsSet = null
		$12.scope = application/vnd.apple-interface-builder
	EndGlobalSection
EndGlobal
